
Microsoft Visual Studio Solution File, Format Version 12.00
# Visual Studio 2017
Project("{FAE04EC0-301F-11D3-BF4B-00C04F79EFBC}") = "Spot", "Spot.csproj", "{63A93F21-933B-85AA-FBCA-B499D8081BD9}"
EndProject
Project("{FAE04EC0-301F-11D3-BF4B-00C04F79EFBC}") = "Spot.Editor", "Spot.Editor.csproj", "{6439E421-F51A-6362-E1FC-B6A9195C8041}"
EndProject
Global
	GlobalSection(SolutionConfigurationPlatforms) = preSolution
		Debug|Any CPU = Debug|Any CPU
		Release|Any CPU = Release|Any CPU
	EndGlobalSection
	GlobalSection(ProjectConfigurationPlatforms) = postSolution
		{63A93F21-933B-85AA-FBCA-B499D8081BD9}.Debug|Any CPU.ActiveCfg = Debug|Any CPU
		{63A93F21-933B-85AA-FBCA-B499D8081BD9}.Debug|Any CPU.Build.0 = Debug|Any CPU
		{63A93F21-933B-85AA-FBCA-B499D8081BD9}.Release|Any CPU.ActiveCfg = Release|Any CPU
		{63A93F21-933B-85AA-FBCA-B499D8081BD9}.Release|Any CPU.Build.0 = Release|Any CPU
		{6439E421-F51A-6362-E1FC-B6A9195C8041}.Debug|Any CPU.ActiveCfg = Debug|Any CPU
		{6439E421-F51A-6362-E1FC-B6A9195C8041}.Debug|Any CPU.Build.0 = Debug|Any CPU
		{6439E421-F51A-6362-E1FC-B6A9195C8041}.Release|Any CPU.ActiveCfg = Release|Any CPU
		{6439E421-F51A-6362-E1FC-B6A9195C8041}.Release|Any CPU.Build.0 = Release|Any CPU
	EndGlobalSection
	GlobalSection(SolutionProperties) = preSolution
		HideSolutionNode = FALSE
	EndGlobalSection
EndGlobal
