
Microsoft Visual Studio Solution File, Format Version 11.00
# Visual Studio 2010
Project("{FAE04EC0-301F-11D3-BF4B-00C04F79EFBC}") = "Spot2", "Assembly-CSharp.csproj", "{492383C9-7087-C204-D4C8-A26C3865C5D3}"
EndProject
Project("{FAE04EC0-301F-11D3-BF4B-00C04F79EFBC}") = "Spot2", "Assembly-CSharp-Editor.csproj", "{A14B5EAC-AE3E-A373-7926-5D5DB6D93C7E}"
EndProject
Global
	GlobalSection(SolutionConfigurationPlatforms) = preSolution
		Debug|Any CPU = Debug|Any CPU
		Release|Any CPU = Release|Any CPU
	EndGlobalSection
	GlobalSection(ProjectConfigurationPlatforms) = postSolution
		{492383C9-7087-C204-D4C8-A26C3865C5D3}.Debug|Any CPU.ActiveCfg = Debug|Any CPU
		{492383C9-7087-C204-D4C8-A26C3865C5D3}.Debug|Any CPU.Build.0 = Debug|Any CPU
		{492383C9-7087-C204-D4C8-A26C3865C5D3}.Release|Any CPU.ActiveCfg = Release|Any CPU
		{492383C9-7087-C204-D4C8-A26C3865C5D3}.Release|Any CPU.Build.0 = Release|Any CPU
		{A14B5EAC-AE3E-A373-7926-5D5DB6D93C7E}.Debug|Any CPU.ActiveCfg = Debug|Any CPU
		{A14B5EAC-AE3E-A373-7926-5D5DB6D93C7E}.Debug|Any CPU.Build.0 = Debug|Any CPU
		{A14B5EAC-AE3E-A373-7926-5D5DB6D93C7E}.Release|Any CPU.ActiveCfg = Release|Any CPU
		{A14B5EAC-AE3E-A373-7926-5D5DB6D93C7E}.Release|Any CPU.Build.0 = Release|Any CPU
	EndGlobalSection
	GlobalSection(SolutionProperties) = preSolution
		HideSolutionNode = FALSE
	EndGlobalSection
	GlobalSection(MonoDevelopProperties) = preSolution
		StartupItem = Assembly-CSharp.csproj
	EndGlobalSection
EndGlobal
